
Microsoft Visual Studio Solution File, Format Version 12.00
# Visual Studio Version 16
VisualStudioVersion = 16.0.32126.315
MinimumVisualStudioVersion = 10.0.40219.1
Project("{FAE04EC0-301F-11D3-BF4B-00C04F79EFBC}") = "ITS-Assignment", "ITS-Assignment\ITS-Assignment.csproj", "{A24695DE-02EE-46BF-8EF0-6F554DEEBD76}"
EndProject
Global
	GlobalSection(SolutionConfigurationPlatforms) = preSolution
		Debug|Any CPU = Debug|Any CPU
		Release|Any CPU = Release|Any CPU
	EndGlobalSection
	GlobalSection(ProjectConfigurationPlatforms) = postSolution
		{A24695DE-02EE-46BF-8EF0-6F554DEEBD76}.Debug|Any CPU.ActiveCfg = Debug|Any CPU
		{A24695DE-02EE-46BF-8EF0-6F554DEEBD76}.Debug|Any CPU.Build.0 = Debug|Any CPU
		{A24695DE-02EE-46BF-8EF0-6F554DEEBD76}.Release|Any CPU.ActiveCfg = Release|Any CPU
		{A24695DE-02EE-46BF-8EF0-6F554DEEBD76}.Release|Any CPU.Build.0 = Release|Any CPU
	EndGlobalSection
	GlobalSection(SolutionProperties) = preSolution
		HideSolutionNode = FALSE
	EndGlobalSection
	GlobalSection(ExtensibilityGlobals) = postSolution
		SolutionGuid = {CE41A942-A986-4AA8-A862-AAB4967C09D8}
	EndGlobalSection
EndGlobal
